
Microsoft Visual Studio Solution File, Format Version 12.00
# Visual Studio Version 17
VisualStudioVersion = 17.11.35303.130
MinimumVisualStudioVersion = 10.0.40219.1
Project("{2150E333-8FDC-42A3-9474-1A3956D46DE8}") = "Task0", "Task0", "{2976882C-52AA-45F1-88E0-3C52B35EB6BB}"
EndProject
Project("{9A19103F-16F7-4668-BE54-9A1E7A4F7556}") = "Tyuiu.MohnonogovaPV.Sprint4.Task0.V22", "Tyuiu.MohnonogovaPV.Sprint4.Task0.V22\Tyuiu.MohnonogovaPV.Sprint4.Task0.V22.csproj", "{33260167-E798-4694-9653-2F50AD38DD89}"
EndProject
Project("{9A19103F-16F7-4668-BE54-9A1E7A4F7556}") = "Tyuiu.MohnonogovaPV.Sprint4.Task0.V22.Lib", "Tyuiu.MohnonogovaPV.Sprint4.Task0.V22.Lib\Tyuiu.MohnonogovaPV.Sprint4.Task0.V22.Lib.csproj", "{DACB2809-3A3D-4C4B-A12D-8D7D42FC8FFC}"
EndProject
Project("{9A19103F-16F7-4668-BE54-9A1E7A4F7556}") = "Tyuiu.MohnonogovaPV.Sprint4.Task0.V22.Test", "Tyuiu.MohnonogovaPV.Sprint4.Task0.V22.Test\Tyuiu.MohnonogovaPV.Sprint4.Task0.V22.Test.csproj", "{E07F55DB-BDBB-4038-A4C5-394CBF9B75CD}"
EndProject
Project("{2150E333-8FDC-42A3-9474-1A3956D46DE8}") = "Task1", "Task1", "{0C795038-1CFC-4A61-85D8-3DCFCA6DD2B7}"
EndProject
Project("{FAE04EC0-301F-11D3-BF4B-00C04F79EFBC}") = "Tyuiu.MohnonogovaPV.Sprint4.Task1.V3", "Tyuiu.MohnonogovaPV.Sprint4.Task1.V3\Tyuiu.MohnonogovaPV.Sprint4.Task1.V3.csproj", "{3D27D29E-98CA-4560-A189-1AFE8433FA1B}"
EndProject
Project("{FAE04EC0-301F-11D3-BF4B-00C04F79EFBC}") = "Tyuiu.MohnonogovaPV.Sprint4.Task1.V3.Lib", "Tyuiu.MohnonogovaPV.Sprint4.Task1.V3.Lib\Tyuiu.MohnonogovaPV.Sprint4.Task1.V3.Lib.csproj", "{307C15DF-4D7F-4BA2-9D9C-E9E343119165}"
EndProject
Project("{FAE04EC0-301F-11D3-BF4B-00C04F79EFBC}") = "Tyuiu.MohnonogovaPV.Sprint4.Task1.V3.Test", "Tyuiu.MohnonogovaPV.Sprint4.Task1.V3.Test\Tyuiu.MohnonogovaPV.Sprint4.Task1.V3.Test.csproj", "{8657E0CF-53C3-48DF-BABD-AF6B8C1C8256}"
EndProject
Global
	GlobalSection(SolutionConfigurationPlatforms) = preSolution
		Debug|Any CPU = Debug|Any CPU
		Release|Any CPU = Release|Any CPU
	EndGlobalSection
	GlobalSection(ProjectConfigurationPlatforms) = postSolution
		{33260167-E798-4694-9653-2F50AD38DD89}.Debug|Any CPU.ActiveCfg = Debug|Any CPU
		{33260167-E798-4694-9653-2F50AD38DD89}.Debug|Any CPU.Build.0 = Debug|Any CPU
		{33260167-E798-4694-9653-2F50AD38DD89}.Release|Any CPU.ActiveCfg = Release|Any CPU
		{33260167-E798-4694-9653-2F50AD38DD89}.Release|Any CPU.Build.0 = Release|Any CPU
		{DACB2809-3A3D-4C4B-A12D-8D7D42FC8FFC}.Debug|Any CPU.ActiveCfg = Debug|Any CPU
		{DACB2809-3A3D-4C4B-A12D-8D7D42FC8FFC}.Debug|Any CPU.Build.0 = Debug|Any CPU
		{DACB2809-3A3D-4C4B-A12D-8D7D42FC8FFC}.Release|Any CPU.ActiveCfg = Release|Any CPU
		{DACB2809-3A3D-4C4B-A12D-8D7D42FC8FFC}.Release|Any CPU.Build.0 = Release|Any CPU
		{E07F55DB-BDBB-4038-A4C5-394CBF9B75CD}.Debug|Any CPU.ActiveCfg = Debug|Any CPU
		{E07F55DB-BDBB-4038-A4C5-394CBF9B75CD}.Debug|Any CPU.Build.0 = Debug|Any CPU
		{E07F55DB-BDBB-4038-A4C5-394CBF9B75CD}.Release|Any CPU.ActiveCfg = Release|Any CPU
		{E07F55DB-BDBB-4038-A4C5-394CBF9B75CD}.Release|Any CPU.Build.0 = Release|Any CPU
		{3D27D29E-98CA-4560-A189-1AFE8433FA1B}.Debug|Any CPU.ActiveCfg = Debug|Any CPU
		{3D27D29E-98CA-4560-A189-1AFE8433FA1B}.Debug|Any CPU.Build.0 = Debug|Any CPU
		{3D27D29E-98CA-4560-A189-1AFE8433FA1B}.Release|Any CPU.ActiveCfg = Release|Any CPU
		{3D27D29E-98CA-4560-A189-1AFE8433FA1B}.Release|Any CPU.Build.0 = Release|Any CPU
		{307C15DF-4D7F-4BA2-9D9C-E9E343119165}.Debug|Any CPU.ActiveCfg = Debug|Any CPU
		{307C15DF-4D7F-4BA2-9D9C-E9E343119165}.Debug|Any CPU.Build.0 = Debug|Any CPU
		{307C15DF-4D7F-4BA2-9D9C-E9E343119165}.Release|Any CPU.ActiveCfg = Release|Any CPU
		{307C15DF-4D7F-4BA2-9D9C-E9E343119165}.Release|Any CPU.Build.0 = Release|Any CPU
		{8657E0CF-53C3-48DF-BABD-AF6B8C1C8256}.Debug|Any CPU.ActiveCfg = Debug|Any CPU
		{8657E0CF-53C3-48DF-BABD-AF6B8C1C8256}.Debug|Any CPU.Build.0 = Debug|Any CPU
		{8657E0CF-53C3-48DF-BABD-AF6B8C1C8256}.Release|Any CPU.ActiveCfg = Release|Any CPU
		{8657E0CF-53C3-48DF-BABD-AF6B8C1C8256}.Release|Any CPU.Build.0 = Release|Any CPU
	EndGlobalSection
	GlobalSection(SolutionProperties) = preSolution
		HideSolutionNode = FALSE
	EndGlobalSection
	GlobalSection(NestedProjects) = preSolution
		{33260167-E798-4694-9653-2F50AD38DD89} = {2976882C-52AA-45F1-88E0-3C52B35EB6BB}
		{DACB2809-3A3D-4C4B-A12D-8D7D42FC8FFC} = {2976882C-52AA-45F1-88E0-3C52B35EB6BB}
		{E07F55DB-BDBB-4038-A4C5-394CBF9B75CD} = {2976882C-52AA-45F1-88E0-3C52B35EB6BB}
		{3D27D29E-98CA-4560-A189-1AFE8433FA1B} = {0C795038-1CFC-4A61-85D8-3DCFCA6DD2B7}
		{307C15DF-4D7F-4BA2-9D9C-E9E343119165} = {0C795038-1CFC-4A61-85D8-3DCFCA6DD2B7}
		{8657E0CF-53C3-48DF-BABD-AF6B8C1C8256} = {0C795038-1CFC-4A61-85D8-3DCFCA6DD2B7}
	EndGlobalSection
	GlobalSection(ExtensibilityGlobals) = postSolution
		SolutionGuid = {D34E66C7-5DE2-48AE-B61D-D7BAA0888FD8}
	EndGlobalSection
EndGlobal
